
Microsoft Visual Studio Solution File, Format Version 12.00
# Visual Studio 15
VisualStudioVersion = 15.0.27428.2037
MinimumVisualStudioVersion = 10.0.40219.1
Project("{FAE04EC0-301F-11D3-BF4B-00C04F79EFBC}") = "BingoTest", "BingoTest\BingoTest.csproj", "{AC8C8C7B-62DF-48CD-B2AD-0415BC29A090}"
EndProject
Global
	GlobalSection(SolutionConfigurationPlatforms) = preSolution
		Debug|Any CPU = Debug|Any CPU
		Release|Any CPU = Release|Any CPU
	EndGlobalSection
	GlobalSection(ProjectConfigurationPlatforms) = postSolution
		{AC8C8C7B-62DF-48CD-B2AD-0415BC29A090}.Debug|Any CPU.ActiveCfg = Debug|Any CPU
		{AC8C8C7B-62DF-48CD-B2AD-0415BC29A090}.Debug|Any CPU.Build.0 = Debug|Any CPU
		{AC8C8C7B-62DF-48CD-B2AD-0415BC29A090}.Release|Any CPU.ActiveCfg = Release|Any CPU
		{AC8C8C7B-62DF-48CD-B2AD-0415BC29A090}.Release|Any CPU.Build.0 = Release|Any CPU
	EndGlobalSection
	GlobalSection(SolutionProperties) = preSolution
		HideSolutionNode = FALSE
	EndGlobalSection
	GlobalSection(ExtensibilityGlobals) = postSolution
		SolutionGuid = {F7DB7E29-70A5-4B0A-A4CA-54BBE02A0D04}
	EndGlobalSection
EndGlobal
